
Microsoft Visual Studio Solution File, Format Version 12.00
# Visual Studio Version 17
VisualStudioVersion = 17.8.34330.188
MinimumVisualStudioVersion = 10.0.40219.1
Project("{FAE04EC0-301F-11D3-BF4B-00C04F79EFBC}") = "ConsoleGuestBook", "ConsoleGuestBook\ConsoleGuestBook.csproj", "{FB56D4AD-10FE-4FFF-9FF5-D5EDB5FD874D}"
EndProject
Global
	GlobalSection(SolutionConfigurationPlatforms) = preSolution
		Debug|Any CPU = Debug|Any CPU
		Release|Any CPU = Release|Any CPU
	EndGlobalSection
	GlobalSection(ProjectConfigurationPlatforms) = postSolution
		{FB56D4AD-10FE-4FFF-9FF5-D5EDB5FD874D}.Debug|Any CPU.ActiveCfg = Debug|Any CPU
		{FB56D4AD-10FE-4FFF-9FF5-D5EDB5FD874D}.Debug|Any CPU.Build.0 = Debug|Any CPU
		{FB56D4AD-10FE-4FFF-9FF5-D5EDB5FD874D}.Release|Any CPU.ActiveCfg = Release|Any CPU
		{FB56D4AD-10FE-4FFF-9FF5-D5EDB5FD874D}.Release|Any CPU.Build.0 = Release|Any CPU
	EndGlobalSection
	GlobalSection(SolutionProperties) = preSolution
		HideSolutionNode = FALSE
	EndGlobalSection
	GlobalSection(ExtensibilityGlobals) = postSolution
		SolutionGuid = {D4D277EE-1B53-41A1-BB25-6808D8095F29}
	EndGlobalSection
EndGlobal
