
Microsoft Visual Studio Solution File, Format Version 12.00
# Visual Studio Version 17
VisualStudioVersion = 17.8.34330.188
MinimumVisualStudioVersion = 10.0.40219.1
Project("{FAE04EC0-301F-11D3-BF4B-00C04F79EFBC}") = "WinForm", "WinForm\WinForm.csproj", "{D929CC43-6309-4F3A-A2A8-5DD39899E5E4}"
EndProject
Project("{FAE04EC0-301F-11D3-BF4B-00C04F79EFBC}") = "WinFormLibrary", "WinFormLibrary\WinFormLibrary.csproj", "{F1262F96-78B5-4156-A9A1-CED560CD35EC}"
EndProject
Global
	GlobalSection(SolutionConfigurationPlatforms) = preSolution
		Debug|Any CPU = Debug|Any CPU
		Release|Any CPU = Release|Any CPU
	EndGlobalSection
	GlobalSection(ProjectConfigurationPlatforms) = postSolution
		{D929CC43-6309-4F3A-A2A8-5DD39899E5E4}.Debug|Any CPU.ActiveCfg = Debug|Any CPU
		{D929CC43-6309-4F3A-A2A8-5DD39899E5E4}.Debug|Any CPU.Build.0 = Debug|Any CPU
		{D929CC43-6309-4F3A-A2A8-5DD39899E5E4}.Release|Any CPU.ActiveCfg = Release|Any CPU
		{D929CC43-6309-4F3A-A2A8-5DD39899E5E4}.Release|Any CPU.Build.0 = Release|Any CPU
		{F1262F96-78B5-4156-A9A1-CED560CD35EC}.Debug|Any CPU.ActiveCfg = Debug|Any CPU
		{F1262F96-78B5-4156-A9A1-CED560CD35EC}.Debug|Any CPU.Build.0 = Debug|Any CPU
		{F1262F96-78B5-4156-A9A1-CED560CD35EC}.Release|Any CPU.ActiveCfg = Release|Any CPU
		{F1262F96-78B5-4156-A9A1-CED560CD35EC}.Release|Any CPU.Build.0 = Release|Any CPU
	EndGlobalSection
	GlobalSection(SolutionProperties) = preSolution
		HideSolutionNode = FALSE
	EndGlobalSection
	GlobalSection(ExtensibilityGlobals) = postSolution
		SolutionGuid = {DDB7D840-E654-4ECC-BD16-3170B3E6A736}
	EndGlobalSection
EndGlobal
