
Microsoft Visual Studio Solution File, Format Version 12.00
# Visual Studio Version 17
VisualStudioVersion = 17.8.34330.188
MinimumVisualStudioVersion = 10.0.40219.1
Project("{FAE04EC0-301F-11D3-BF4B-00C04F79EFBC}") = "GenericAndEvents", "GenericAndEvents\GenericAndEvents.csproj", "{69B6FB7B-44D0-4677-8DC5-CCE3E2279975}"
EndProject
Global
	GlobalSection(SolutionConfigurationPlatforms) = preSolution
		Debug|Any CPU = Debug|Any CPU
		Release|Any CPU = Release|Any CPU
	EndGlobalSection
	GlobalSection(ProjectConfigurationPlatforms) = postSolution
		{69B6FB7B-44D0-4677-8DC5-CCE3E2279975}.Debug|Any CPU.ActiveCfg = Debug|Any CPU
		{69B6FB7B-44D0-4677-8DC5-CCE3E2279975}.Debug|Any CPU.Build.0 = Debug|Any CPU
		{69B6FB7B-44D0-4677-8DC5-CCE3E2279975}.Release|Any CPU.ActiveCfg = Release|Any CPU
		{69B6FB7B-44D0-4677-8DC5-CCE3E2279975}.Release|Any CPU.Build.0 = Release|Any CPU
	EndGlobalSection
	GlobalSection(SolutionProperties) = preSolution
		HideSolutionNode = FALSE
	EndGlobalSection
	GlobalSection(ExtensibilityGlobals) = postSolution
		SolutionGuid = {9AF47781-2670-4EDF-AFF4-E4665DCDB8C4}
	EndGlobalSection
EndGlobal
