
Microsoft Visual Studio Solution File, Format Version 12.00
# Visual Studio Version 17
VisualStudioVersion = 17.8.34330.188
MinimumVisualStudioVersion = 10.0.40219.1
Project("{FAE04EC0-301F-11D3-BF4B-00C04F79EFBC}") = "DecimalVariables", "DecimalVariables\DecimalVariables.csproj", "{16652C3A-C4BE-4BA3-9C31-6E08A2E215B3}"
EndProject
Global
	GlobalSection(SolutionConfigurationPlatforms) = preSolution
		Debug|Any CPU = Debug|Any CPU
		Release|Any CPU = Release|Any CPU
	EndGlobalSection
	GlobalSection(ProjectConfigurationPlatforms) = postSolution
		{16652C3A-C4BE-4BA3-9C31-6E08A2E215B3}.Debug|Any CPU.ActiveCfg = Debug|Any CPU
		{16652C3A-C4BE-4BA3-9C31-6E08A2E215B3}.Debug|Any CPU.Build.0 = Debug|Any CPU
		{16652C3A-C4BE-4BA3-9C31-6E08A2E215B3}.Release|Any CPU.ActiveCfg = Release|Any CPU
		{16652C3A-C4BE-4BA3-9C31-6E08A2E215B3}.Release|Any CPU.Build.0 = Release|Any CPU
	EndGlobalSection
	GlobalSection(SolutionProperties) = preSolution
		HideSolutionNode = FALSE
	EndGlobalSection
	GlobalSection(ExtensibilityGlobals) = postSolution
		SolutionGuid = {38D9370E-6D40-4465-899B-6B21913C2373}
	EndGlobalSection
EndGlobal
