
Microsoft Visual Studio Solution File, Format Version 12.00
# Visual Studio Version 17
VisualStudioVersion = 17.8.34330.188
MinimumVisualStudioVersion = 10.0.40219.1
Project("{FAE04EC0-301F-11D3-BF4B-00C04F79EFBC}") = "BoolVariables", "BoolVariables\BoolVariables.csproj", "{256FC1B0-AFD9-4669-9295-9CC7D912D5BD}"
EndProject
Global
	GlobalSection(SolutionConfigurationPlatforms) = preSolution
		Debug|Any CPU = Debug|Any CPU
		Release|Any CPU = Release|Any CPU
	EndGlobalSection
	GlobalSection(ProjectConfigurationPlatforms) = postSolution
		{256FC1B0-AFD9-4669-9295-9CC7D912D5BD}.Debug|Any CPU.ActiveCfg = Debug|Any CPU
		{256FC1B0-AFD9-4669-9295-9CC7D912D5BD}.Debug|Any CPU.Build.0 = Debug|Any CPU
		{256FC1B0-AFD9-4669-9295-9CC7D912D5BD}.Release|Any CPU.ActiveCfg = Release|Any CPU
		{256FC1B0-AFD9-4669-9295-9CC7D912D5BD}.Release|Any CPU.Build.0 = Release|Any CPU
	EndGlobalSection
	GlobalSection(SolutionProperties) = preSolution
		HideSolutionNode = FALSE
	EndGlobalSection
	GlobalSection(ExtensibilityGlobals) = postSolution
		SolutionGuid = {B6312CEC-9413-4F03-A4C6-842138F6D35D}
	EndGlobalSection
EndGlobal
